
Microsoft Visual Studio Solution File, Format Version 12.00
# Visual Studio 15
VisualStudioVersion = 15.0.27428.2027
MinimumVisualStudioVersion = 10.0.40219.1
Project("{D954291E-2A0B-460D-934E-DC6B0785DB48}") = "DevLib.Blockchain.Shared", "DevLib.Blockchain.Shared\DevLib.Blockchain.Shared.shproj", "{7399788A-015C-493C-878E-FF899077512A}"
EndProject
Project("{FAE04EC0-301F-11D3-BF4B-00C04F79EFBC}") = "DevLib.Blockchain.Standard", "DevLib.Blockchain.Standard\DevLib.Blockchain.Standard.csproj", "{2E10414A-DADB-4624-BA92-5BAAEA17D6A3}"
EndProject
Project("{FAE04EC0-301F-11D3-BF4B-00C04F79EFBC}") = "DevLib.Blockchain.DebugConsole", "DevLib.Blockchain.DebugConsole\DevLib.Blockchain.DebugConsole.csproj", "{F4D19004-619B-4865-9AEB-37177006C3C1}"
EndProject
Global
	GlobalSection(SharedMSBuildProjectFiles) = preSolution
		DevLib.Blockchain.Shared\DevLib.Blockchain.Shared.projitems*{7399788a-015c-493c-878e-ff899077512a}*SharedItemsImports = 13
	EndGlobalSection
	GlobalSection(SolutionConfigurationPlatforms) = preSolution
		Debug|Any CPU = Debug|Any CPU
		Release|Any CPU = Release|Any CPU
	EndGlobalSection
	GlobalSection(ProjectConfigurationPlatforms) = postSolution
		{2E10414A-DADB-4624-BA92-5BAAEA17D6A3}.Debug|Any CPU.ActiveCfg = Debug|Any CPU
		{2E10414A-DADB-4624-BA92-5BAAEA17D6A3}.Debug|Any CPU.Build.0 = Debug|Any CPU
		{2E10414A-DADB-4624-BA92-5BAAEA17D6A3}.Release|Any CPU.ActiveCfg = Release|Any CPU
		{2E10414A-DADB-4624-BA92-5BAAEA17D6A3}.Release|Any CPU.Build.0 = Release|Any CPU
		{F4D19004-619B-4865-9AEB-37177006C3C1}.Debug|Any CPU.ActiveCfg = Debug|Any CPU
		{F4D19004-619B-4865-9AEB-37177006C3C1}.Debug|Any CPU.Build.0 = Debug|Any CPU
		{F4D19004-619B-4865-9AEB-37177006C3C1}.Release|Any CPU.ActiveCfg = Release|Any CPU
		{F4D19004-619B-4865-9AEB-37177006C3C1}.Release|Any CPU.Build.0 = Release|Any CPU
	EndGlobalSection
	GlobalSection(SolutionProperties) = preSolution
		HideSolutionNode = FALSE
	EndGlobalSection
	GlobalSection(ExtensibilityGlobals) = postSolution
		SolutionGuid = {F57ABEC7-3A28-498C-BE24-CFE7A8CFE596}
	EndGlobalSection
EndGlobal
